
Microsoft Visual Studio Solution File, Format Version 12.00
# Visual Studio Version 16
VisualStudioVersion = 16.0.29905.134
MinimumVisualStudioVersion = 10.0.40219.1
Project("{FAE04EC0-301F-11D3-BF4B-00C04F79EFBC}") = "TuringDecidible", "TuringDecidible\TuringDecidible.csproj", "{C32014EC-874A-4A2D-815A-FD250CB98827}"
EndProject
Global
	GlobalSection(SolutionConfigurationPlatforms) = preSolution
		Debug|Any CPU = Debug|Any CPU
		Release|Any CPU = Release|Any CPU
	EndGlobalSection
	GlobalSection(ProjectConfigurationPlatforms) = postSolution
		{C32014EC-874A-4A2D-815A-FD250CB98827}.Debug|Any CPU.ActiveCfg = Debug|Any CPU
		{C32014EC-874A-4A2D-815A-FD250CB98827}.Debug|Any CPU.Build.0 = Debug|Any CPU
		{C32014EC-874A-4A2D-815A-FD250CB98827}.Release|Any CPU.ActiveCfg = Release|Any CPU
		{C32014EC-874A-4A2D-815A-FD250CB98827}.Release|Any CPU.Build.0 = Release|Any CPU
	EndGlobalSection
	GlobalSection(SolutionProperties) = preSolution
		HideSolutionNode = FALSE
	EndGlobalSection
	GlobalSection(ExtensibilityGlobals) = postSolution
		SolutionGuid = {B8441C03-CE18-48DC-8DF3-995C8C4F97A3}
	EndGlobalSection
EndGlobal
